// !$*UTF8*$!
{
	archiveVersion = 1;
	classes = {
	};
	objectVersion = 46;
	objects = {

/* Begin PBXBuildFile section */
		05B9A72C15FA7BD7001B59FA /* UIKit.framework in Frameworks */ = {isa = PBXBuildFile; fileRef = 05B9A72B15FA7BD7001B59FA /* UIKit.framework */; };
		05B9A72E15FA7BD7001B59FA /* Foundation.framework in Frameworks */ = {isa = PBXBuildFile; fileRef = 05B9A72D15FA7BD7001B59FA /* Foundation.framework */; };
		05B9A73015FA7BD7001B59FA /* CoreGraphics.framework in Frameworks */ = {isa = PBXBuildFile; fileRef = 05B9A72F15FA7BD7001B59FA /* CoreGraphics.framework */; };
		05B9A73615FA7BD7001B59FA /* InfoPlist.strings in Resources */ = {isa = PBXBuildFile; fileRef = 05B9A73415FA7BD7001B59FA /* InfoPlist.strings */; };
		05B9A73815FA7BD7001B59FA /* main.m in Sources */ = {isa = PBXBuildFile; fileRef = 05B9A73715FA7BD7001B59FA /* main.m */; };
		05B9A73C15FA7BD7001B59FA /* AppDelegate.m in Sources */ = {isa = PBXBuildFile; fileRef = 05B9A73B15FA7BD7001B59FA /* AppDelegate.m */; };
		05B9A73F15FA7BD7001B59FA /* MainStoryboard.storyboard in Resources */ = {isa = PBXBuildFile; fileRef = 05B9A73D15FA7BD7001B59FA /* MainStoryboard.storyboard */; };
		05B9A74215FA7BD7001B59FA /* ViewController.m in Sources */ = {isa = PBXBuildFile; fileRef = 05B9A74115FA7BD7001B59FA /* ViewController.m */; };
/* End PBXBuildFile section */

/* Begin PBXFileReference section */
		05B9A72715FA7BD7001B59FA /* MightBuy.app */ = {isa = PBXFileReference; explicitFileType = wrapper.application; includeInIndex = 0; path = MightBuy.app; sourceTree = BUILT_PRODUCTS_DIR; };
		05B9A72B15FA7BD7001B59FA /* UIKit.framework */ = {isa = PBXFileReference; lastKnownFileType = wrapper.framework; name = UIKit.framework; path = System/Library/Frameworks/UIKit.framework; sourceTree = SDKROOT; };
		05B9A72D15FA7BD7001B59FA /* Foundation.framework */ = {isa = PBXFileReference; lastKnownFileType = wrapper.framework; name = Foundation.framework; path = System/Library/Frameworks/Foundation.framework; sourceTree = SDKROOT; };
		05B9A72F15FA7BD7001B59FA /* CoreGraphics.framework */ = {isa = PBXFileReference; lastKnownFileType = wrapper.framework; name = CoreGraphics.framework; path = System/Library/Frameworks/CoreGraphics.framework; sourceTree = SDKROOT; };
		05B9A73315FA7BD7001B59FA /* MightBuy-Info.plist */ = {isa = PBXFileReference; lastKnownFileType = text.plist.xml; path = "MightBuy-Info.plist"; sourceTree = "<group>"; };
		05B9A73515FA7BD7001B59FA /* en */ = {isa = PBXFileReference; lastKnownFileType = text.plist.strings; name = en; path = en.lproj/InfoPlist.strings; sourceTree = "<group>"; };
		05B9A73715FA7BD7001B59FA /* main.m */ = {isa = PBXFileReference; lastKnownFileType = sourcecode.c.objc; path = main.m; sourceTree = "<group>"; };
		05B9A73915FA7BD7001B59FA /* MightBuy-Prefix.pch */ = {isa = PBXFileReference; lastKnownFileType = sourcecode.c.h; path = "MightBuy-Prefix.pch"; sourceTree = "<group>"; };
		05B9A73A15FA7BD7001B59FA /* AppDelegate.h */ = {isa = PBXFileReference; lastKnownFileType = sourcecode.c.h; path = AppDelegate.h; sourceTree = "<group>"; };
		05B9A73B15FA7BD7001B59FA /* AppDelegate.m */ = {isa = PBXFileReference; lastKnownFileType = sourcecode.c.objc; path = AppDelegate.m; sourceTree = "<group>"; };
		05B9A73E15FA7BD7001B59FA /* en */ = {isa = PBXFileReference; lastKnownFileType = file.storyboard; name = en; path = en.lproj/MainStoryboard.storyboard; sourceTree = "<group>"; };
		05B9A74015FA7BD7001B59FA /* ViewController.h */ = {isa = PBXFileReference; lastKnownFileType = sourcecode.c.h; path = ViewController.h; sourceTree = "<group>"; };
		05B9A74115FA7BD7001B59FA /* ViewController.m */ = {isa = PBXFileReference; lastKnownFileType = sourcecode.c.objc; path = ViewController.m; sourceTree = "<group>"; };
/* End PBXFileReference section */

/* Begin PBXFrameworksBuildPhase section */
		05B9A72415FA7BD7001B59FA /* Frameworks */ = {
			isa = PBXFrameworksBuildPhase;
			buildActionMask = 2147483647;
			files = (
				05B9A72C15FA7BD7001B59FA /* UIKit.framework in Frameworks */,
				05B9A72E15FA7BD7001B59FA /* Foundation.framework in Frameworks */,
				05B9A73015FA7BD7001B59FA /* CoreGraphics.framework in Frameworks */,
			);
			runOnlyForDeploymentPostprocessing = 0;
		};
/* End PBXFrameworksBuildPhase section */

/* Begin PBXGroup section */
		05B9A71C15FA7BD7001B59FA = {
			isa = PBXGroup;
			children = (
				05B9A73115FA7BD7001B59FA /* MightBuy */,
				05B9A72A15FA7BD7001B59FA /* Frameworks */,
				05B9A72815FA7BD7001B59FA /* Products */,
			);
			sourceTree = "<group>";
		};
		05B9A72815FA7BD7001B59FA /* Products */ = {
			isa = PBXGroup;
			children = (
				05B9A72715FA7BD7001B59FA /* MightBuy.app */,
			);
			name = Products;
			sourceTree = "<group>";
		};
		05B9A72A15FA7BD7001B59FA /* Frameworks */ = {
			isa = PBXGroup;
			children = (
				05B9A72B15FA7BD7001B59FA /* UIKit.framework */,
				05B9A72D15FA7BD7001B59FA /* Foundation.framework */,
				05B9A72F15FA7BD7001B59FA /* CoreGraphics.framework */,
			);
			name = Frameworks;
			sourceTree = "<group>";
		};
		05B9A73115FA7BD7001B59FA /* MightBuy */ = {
			isa = PBXGroup;
			children = (
				05B9A73A15FA7BD7001B59FA /* AppDelegate.h */,
				05B9A73B15FA7BD7001B59FA /* AppDelegate.m */,
				05B9A73D15FA7BD7001B59FA /* MainStoryboard.storyboard */,
				05B9A74015FA7BD7001B59FA /* ViewController.h */,
				05B9A74115FA7BD7001B59FA /* ViewController.m */,
				05B9A73215FA7BD7001B59FA /* Supporting Files */,
			);
			path = MightBuy;
			sourceTree = "<group>";
		};
		05B9A73215FA7BD7001B59FA /* Supporting Files */ = {
			isa = PBXGroup;
			children = (
				05B9A73315FA7BD7001B59FA /* MightBuy-Info.plist */,
				05B9A73415FA7BD7001B59FA /* InfoPlist.strings */,
				05B9A73715FA7BD7001B59FA /* main.m */,
				05B9A73915FA7BD7001B59FA /* MightBuy-Prefix.pch */,
			);
			name = "Supporting Files";
			sourceTree = "<group>";
		};
/* End PBXGroup section */

/* Begin PBXNativeTarget section */
		05B9A72615FA7BD7001B59FA /* MightBuy */ = {
			isa = PBXNativeTarget;
			buildConfigurationList = 05B9A74515FA7BD7001B59FA /* Build configuration list for PBXNativeTarget "MightBuy" */;
			buildPhases = (
				05B9A72315FA7BD7001B59FA /* Sources */,
				05B9A72415FA7BD7001B59FA /* Frameworks */,
				05B9A72515FA7BD7001B59FA /* Resources */,
			);
			buildRules = (
			);
			dependencies = (
			);
			name = MightBuy;
			productName = MightBuy;
			productReference = 05B9A72715FA7BD7001B59FA /* MightBuy.app */;
			productType = "com.apple.product-type.application";
		};
/* End PBXNativeTarget section */

/* Begin PBXProject section */
		05B9A71E15FA7BD7001B59FA /* Project object */ = {
			isa = PBXProject;
			attributes = {
				LastUpgradeCheck = 0440;
				ORGANIZATIONNAME = Makrr;
			};
			buildConfigurationList = 05B9A72115FA7BD7001B59FA /* Build configuration list for PBXProject "MightBuy" */;
			compatibilityVersion = "Xcode 3.2";
			developmentRegion = English;
			hasScannedForEncodings = 0;
			knownRegions = (
				en,
			);
			mainGroup = 05B9A71C15FA7BD7001B59FA;
			productRefGroup = 05B9A72815FA7BD7001B59FA /* Products */;
			projectDirPath = "";
			projectRoot = "";
			targets = (
				05B9A72615FA7BD7001B59FA /* MightBuy */,
			);
		};
/* End PBXProject section */

/* Begin PBXResourcesBuildPhase section */
		05B9A72515FA7BD7001B59FA /* Resources */ = {
			isa = PBXResourcesBuildPhase;
			buildActionMask = 2147483647;
			files = (
				05B9A73615FA7BD7001B59FA /* InfoPlist.strings in Resources */,
				05B9A73F15FA7BD7001B59FA /* MainStoryboard.storyboard in Resources */,
			);
			runOnlyForDeploymentPostprocessing = 0;
		};
/* End PBXResourcesBuildPhase section */

/* Begin PBXSourcesBuildPhase section */
		05B9A72315FA7BD7001B59FA /* Sources */ = {
			isa = PBXSourcesBuildPhase;
			buildActionMask = 2147483647;
			files = (
				05B9A73815FA7BD7001B59FA /* main.m in Sources */,
				05B9A73C15FA7BD7001B59FA /* AppDelegate.m in Sources */,
				05B9A74215FA7BD7001B59FA /* ViewController.m in Sources */,
			);
			runOnlyForDeploymentPostprocessing = 0;
		};
/* End PBXSourcesBuildPhase section */

/* Begin PBXVariantGroup section */
		05B9A73415FA7BD7001B59FA /* InfoPlist.strings */ = {
			isa = PBXVariantGroup;
			children = (
				05B9A73515FA7BD7001B59FA /* en */,
			);
			name = InfoPlist.strings;
			sourceTree = "<group>";
		};
		05B9A73D15FA7BD7001B59FA /* MainStoryboard.storyboard */ = {
			isa = PBXVariantGroup;
			children = (
				05B9A73E15FA7BD7001B59FA /* en */,
			);
			name = MainStoryboard.storyboard;
			sourceTree = "<group>";
		};
/* End PBXVariantGroup section */

/* Begin XCBuildConfiguration section */
		05B9A74315FA7BD7001B59FA /* Debug */ = {
			isa = XCBuildConfiguration;
			buildSettings = {
				ALWAYS_SEARCH_USER_PATHS = NO;
				ARCHS = "$(ARCHS_STANDARD_32_BIT)";
				CLANG_CXX_LANGUAGE_STANDARD = "gnu++0x";
				CLANG_ENABLE_OBJC_ARC = YES;
				CLANG_WARN__DUPLICATE_METHOD_MATCH = YES;
				"CODE_SIGN_IDENTITY[sdk=iphoneos*]" = "iPhone Developer";
				COPY_PHASE_STRIP = NO;
				GCC_C_LANGUAGE_STANDARD = gnu99;
				GCC_DYNAMIC_NO_PIC = NO;
				GCC_OPTIMIZATION_LEVEL = 0;
				GCC_PREPROCESSOR_DEFINITIONS = (
					"DEBUG=1",
					"$(inherited)",
				);
				GCC_SYMBOLS_PRIVATE_EXTERN = NO;
				GCC_VERSION = com.apple.compilers.llvm.clang.1_0;
				GCC_WARN_ABOUT_RETURN_TYPE = YES;
				GCC_WARN_UNINITIALIZED_AUTOS = YES;
				GCC_WARN_UNUSED_VARIABLE = YES;
				IPHONEOS_DEPLOYMENT_TARGET = 5.1;
				SDKROOT = iphoneos;
			};
			name = Debug;
		};
		05B9A74415FA7BD7001B59FA /* Release */ = {
			isa = XCBuildConfiguration;
			buildSettings = {
				ALWAYS_SEARCH_USER_PATHS = NO;
				ARCHS = "$(ARCHS_STANDARD_32_BIT)";
				CLANG_CXX_LANGUAGE_STANDARD = "gnu++0x";
				CLANG_ENABLE_OBJC_ARC = YES;
				CLANG_WARN__DUPLICATE_METHOD_MATCH = YES;
				"CODE_SIGN_IDENTITY[sdk=iphoneos*]" = "iPhone Developer";
				COPY_PHASE_STRIP = YES;
				GCC_C_LANGUAGE_STANDARD = gnu99;
				GCC_VERSION = com.apple.compilers.llvm.clang.1_0;
				GCC_WARN_ABOUT_RETURN_TYPE = YES;
				GCC_WARN_UNINITIALIZED_AUTOS = YES;
				GCC_WARN_UNUSED_VARIABLE = YES;
				IPHONEOS_DEPLOYMENT_TARGET = 5.1;
				OTHER_CFLAGS = "-DNS_BLOCK_ASSERTIONS=1";
				SDKROOT = iphoneos;
				VALIDATE_PRODUCT = YES;
			};
			name = Release;
		};
		05B9A74615FA7BD7001B59FA /* Debug */ = {
			isa = XCBuildConfiguration;
			buildSettings = {
				GCC_PRECOMPILE_PREFIX_HEADER = YES;
				GCC_PREFIX_HEADER = "MightBuy/MightBuy-Prefix.pch";
				INFOPLIST_FILE = "MightBuy/MightBuy-Info.plist";
				PRODUCT_NAME = "$(TARGET_NAME)";
				WRAPPER_EXTENSION = app;
			};
			name = Debug;
		};
		05B9A74715FA7BD7001B59FA /* Release */ = {
			isa = XCBuildConfiguration;
			buildSettings = {
				GCC_PRECOMPILE_PREFIX_HEADER = YES;
				GCC_PREFIX_HEADER = "MightBuy/MightBuy-Prefix.pch";
				INFOPLIST_FILE = "MightBuy/MightBuy-Info.plist";
				PRODUCT_NAME = "$(TARGET_NAME)";
				WRAPPER_EXTENSION = app;
			};
			name = Release;
		};
/* End XCBuildConfiguration section */

/* Begin XCConfigurationList section */
		05B9A72115FA7BD7001B59FA /* Build configuration list for PBXProject "MightBuy" */ = {
			isa = XCConfigurationList;
			buildConfigurations = (
				05B9A74315FA7BD7001B59FA /* Debug */,
				05B9A74415FA7BD7001B59FA /* Release */,
			);
			defaultConfigurationIsVisible = 0;
			defaultConfigurationName = Release;
		};
		05B9A74515FA7BD7001B59FA /* Build configuration list for PBXNativeTarget "MightBuy" */ = {
			isa = XCConfigurationList;
			buildConfigurations = (
				05B9A74615FA7BD7001B59FA /* Debug */,
				05B9A74715FA7BD7001B59FA /* Release */,
			);
			defaultConfigurationIsVisible = 0;
		};
/* End XCConfigurationList section */
	};
	rootObject = 05B9A71E15FA7BD7001B59FA /* Project object */;
}
